PODS:
  - AMap3DMap (7.9.0):
    - AMapFoundation (~> 1.6.6)
  - AMapFoundation (1.6.9)
  - Base64 (1.1.2)
  - boost (1.76.0)
  - BVLinearGradient (2.6.2):
    - React-Core
  - CocoaAsyncSocket (7.6.5)
  - CodePush (7.0.5):
    - Base64 (~> 1.1)
    - JWT (~> 3.0.0-beta.12)
    - React-Core
    - SSZipArchive (~> 2.2.2)
  - DoubleConversion (1.1.6)
  - FBLazyVector (0.67.4)
  - FBReactNativeSpec (0.67.4):
    - RCT-Folly (= 2021.06.28.00-v2)
    - RCTRequired (= 0.67.4)
    - RCTTypeSafety (= 0.67.4)
    - React-Core (= 0.67.4)
    - React-jsi (= 0.67.4)
    - ReactCommon/turbomodule/core (= 0.67.4)
  - Flipper (0.99.0):
    - Flipper-Folly (~> 2.6)
    - Flipper-RSocket (~> 1.4)
  - Flipper-Boost-iOSX (1.76.0.1.11)
  - Flipper-DoubleConversion (3.1.7)
  - Flipper-Fmt (7.1.7)
  - Flipper-Folly (2.6.7):
    - Flipper-Boost-iOSX
    - Flipper-DoubleConversion
    - Flipper-Fmt (= 7.1.7)
    - Flipper-Glog
    - libevent (~> 2.1.12)
    - OpenSSL-Universal (= 1.1.180)
  - Flipper-Glog (0.3.6)
  - Flipper-PeerTalk (0.0.4)
  - Flipper-RSocket (1.4.3):
    - Flipper-Folly (~> 2.6)
  - FlipperKit (0.99.0):
    - FlipperKit/Core (= 0.99.0)
  - FlipperKit/Core (0.99.0):
    - Flipper (~> 0.99.0)
    - FlipperKit/CppBridge
    - FlipperKit/FBCxxFollyDynamicConvert
    - FlipperKit/FBDefines
    - FlipperKit/FKPortForwarding
  - FlipperKit/CppBridge (0.99.0):
    - Flipper (~> 0.99.0)
  - FlipperKit/FBCxxFollyDynamicConvert (0.99.0):
    - Flipper-Folly (~> 2.6)
  - FlipperKit/FBDefines (0.99.0)
  - FlipperKit/FKPortForwarding (0.99.0):
    - CocoaAsyncSocket (~> 7.6)
    - Flipper-PeerTalk (~> 0.0.4)
  - FlipperKit/FlipperKitHighlightOverlay (0.99.0)
  - FlipperKit/FlipperKitLayoutHelpers (0.99.0):
    - FlipperKit/Core
    - FlipperKit/FlipperKitHighlightOverlay
    - FlipperKit/FlipperKitLayoutTextSearchable
  - FlipperKit/FlipperKitLayoutIOSDescriptors (0.99.0):
    - FlipperKit/Core
    - FlipperKit/FlipperKitHighlightOverlay
    - FlipperKit/FlipperKitLayoutHelpers
    - YogaKit (~> 1.18)
  - FlipperKit/FlipperKitLayoutPlugin (0.99.0):
    - FlipperKit/Core
    - FlipperKit/FlipperKitHighlightOverlay
    - FlipperKit/FlipperKitLayoutHelpers
    - FlipperKit/FlipperKitLayoutIOSDescriptors
    - FlipperKit/FlipperKitLayoutTextSearchable
    - YogaKit (~> 1.18)
  - FlipperKit/FlipperKitLayoutTextSearchable (0.99.0)
  - FlipperKit/FlipperKitNetworkPlugin (0.99.0):
    - FlipperKit/Core
  - FlipperKit/FlipperKitReactPlugin (0.99.0):
    - FlipperKit/Core
  - FlipperKit/FlipperKitUserDefaultsPlugin (0.99.0):
    - FlipperKit/Core
  - FlipperKit/SKIOSNetworkPlugin (0.99.0):
    - FlipperKit/Core
    - FlipperKit/FlipperKitNetworkPlugin
  - fmt (6.2.1)
  - glog (0.3.5)
  - hermes-engine (0.9.0)
  - JCore (2.0.6):
    - React
  - JPush (2.9.4):
    - React
  - JWT (3.0.0-beta.14):
    - Base64 (~> 1.1.2)
  - libevent (2.1.12)
  - libwebp (1.2.3):
    - libwebp/demux (= 1.2.3)
    - libwebp/mux (= 1.2.3)
    - libwebp/webp (= 1.2.3)
  - libwebp/demux (1.2.3):
    - libwebp/webp
  - libwebp/mux (1.2.3):
    - libwebp/demux
  - libwebp/webp (1.2.3)
  - NodeMediaClient (2.9.6)
  - OpenSSL-Universal (1.1.180)
  - Permission-AppTrackingTransparency (3.6.1):
    - RNPermissions
  - Permission-BluetoothPeripheral (3.6.1):
    - RNPermissions
  - Permission-Calendars (3.6.1):
    - RNPermissions
  - Permission-Camera (3.6.1):
    - RNPermissions
  - Permission-Contacts (3.6.1):
    - RNPermissions
  - Permission-FaceID (3.6.1):
    - RNPermissions
  - Permission-LocationAccuracy (3.6.1):
    - RNPermissions
  - Permission-LocationAlways (3.6.1):
    - RNPermissions
  - Permission-LocationWhenInUse (3.6.1):
    - RNPermissions
  - Permission-MediaLibrary (3.6.1):
    - RNPermissions
  - Permission-Microphone (3.6.1):
    - RNPermissions
  - Permission-Motion (3.6.1):
    - RNPermissions
  - Permission-Notifications (3.6.1):
    - RNPermissions
  - Permission-PhotoLibrary (3.6.1):
    - RNPermissions
  - Permission-PhotoLibraryAddOnly (3.6.1):
    - RNPermissions
  - Permission-Reminders (3.6.1):
    - RNPermissions
  - Permission-Siri (3.6.1):
    - RNPermissions
  - Permission-SpeechRecognition (3.6.1):
    - RNPermissions
  - Permission-StoreKit (3.6.1):
    - RNPermissions
  - Picker (4.3.7):
    - Picker/Core (= 4.3.7)
  - Picker/Core (4.3.7):
    - React
  - RCT-Folly (2021.06.28.00-v2):
    - boost
    - DoubleConversion
    - fmt (~> 6.2.1)
    - glog
    - RCT-Folly/Default (= 2021.06.28.00-v2)
  - RCT-Folly/Default (2021.06.28.00-v2):
    - boost
    - DoubleConversion
    - fmt (~> 6.2.1)
    - glog
  - RCT-Folly/Futures (2021.06.28.00-v2):
    - boost
    - DoubleConversion
    - fmt (~> 6.2.1)
    - glog
    - libevent
  - RCTAlipay (1.2.2):
    - React
  - RCTRequired (0.67.4)
  - RCTTypeSafety (0.67.4):
    - FBLazyVector (= 0.67.4)
    - RCT-Folly (= 2021.06.28.00-v2)
    - RCTRequired (= 0.67.4)
    - React-Core (= 0.67.4)
  - RCTWeChat (1.1.26):
    - React-Core
  - React (0.67.4):
    - React-Core (= 0.67.4)
    - React-Core/DevSupport (= 0.67.4)
    - React-Core/RCTWebSocket (= 0.67.4)
    - React-RCTActionSheet (= 0.67.4)
    - React-RCTAnimation (= 0.67.4)
    - React-RCTBlob (= 0.67.4)
    - React-RCTImage (= 0.67.4)
    - React-RCTLinking (= 0.67.4)
    - React-RCTNetwork (= 0.67.4)
    - React-RCTSettings (= 0.67.4)
    - React-RCTText (= 0.67.4)
    - React-RCTVibration (= 0.67.4)
  - React-callinvoker (0.67.4)
  - React-Core (0.67.4):
    - glog
    - RCT-Folly (= 2021.06.28.00-v2)
    - React-Core/Default (= 0.67.4)
    - React-cxxreact (= 0.67.4)
    - React-jsi (= 0.67.4)
    - React-jsiexecutor (= 0.67.4)
    - React-perflogger (= 0.67.4)
    - Yoga
  - React-Core/CoreModulesHeaders (0.67.4):
    - glog
    - RCT-Folly (= 2021.06.28.00-v2)
    - React-Core/Default
    - React-cxxreact (= 0.67.4)
    - React-jsi (= 0.67.4)
    - React-jsiexecutor (= 0.67.4)
    - React-perflogger (= 0.67.4)
    - Yoga
  - React-Core/Default (0.67.4):
    - glog
    - RCT-Folly (= 2021.06.28.00-v2)
    - React-cxxreact (= 0.67.4)
    - React-jsi (= 0.67.4)
    - React-jsiexecutor (= 0.67.4)
    - React-perflogger (= 0.67.4)
    - Yoga
  - React-Core/DevSupport (0.67.4):
    - glog
    - RCT-Folly (= 2021.06.28.00-v2)
    - React-Core/Default (= 0.67.4)
    - React-Core/RCTWebSocket (= 0.67.4)
    - React-cxxreact (= 0.67.4)
    - React-jsi (= 0.67.4)
    - React-jsiexecutor (= 0.67.4)
    - React-jsinspector (= 0.67.4)
    - React-perflogger (= 0.67.4)
    - Yoga
  - React-Core/RCTActionSheetHeaders (0.67.4):
    - glog
    - RCT-Folly (= 2021.06.28.00-v2)
    - React-Core/Default
    - React-cxxreact (= 0.67.4)
    - React-jsi (= 0.67.4)
    - React-jsiexecutor (= 0.67.4)
    - React-perflogger (= 0.67.4)
    - Yoga
  - React-Core/RCTAnimationHeaders (0.67.4):
    - glog
    - RCT-Folly (= 2021.06.28.00-v2)
    - React-Core/Default
    - React-cxxreact (= 0.67.4)
    - React-jsi (= 0.67.4)
    - React-jsiexecutor (= 0.67.4)
    - React-perflogger (= 0.67.4)
    - Yoga
  - React-Core/RCTBlobHeaders (0.67.4):
    - glog
    - RCT-Folly (= 2021.06.28.00-v2)
    - React-Core/Default
    - React-cxxreact (= 0.67.4)
    - React-jsi (= 0.67.4)
    - React-jsiexecutor (= 0.67.4)
    - React-perflogger (= 0.67.4)
    - Yoga
  - React-Core/RCTImageHeaders (0.67.4):
    - glog
    - RCT-Folly (= 2021.06.28.00-v2)
    - React-Core/Default
    - React-cxxreact (= 0.67.4)
    - React-jsi (= 0.67.4)
    - React-jsiexecutor (= 0.67.4)
    - React-perflogger (= 0.67.4)
    - Yoga
  - React-Core/RCTLinkingHeaders (0.67.4):
    - glog
    - RCT-Folly (= 2021.06.28.00-v2)
    - React-Core/Default
    - React-cxxreact (= 0.67.4)
    - React-jsi (= 0.67.4)
    - React-jsiexecutor (= 0.67.4)
    - React-perflogger (= 0.67.4)
    - Yoga
  - React-Core/RCTNetworkHeaders (0.67.4):
    - glog
    - RCT-Folly (= 2021.06.28.00-v2)
    - React-Core/Default
    - React-cxxreact (= 0.67.4)
    - React-jsi (= 0.67.4)
    - React-jsiexecutor (= 0.67.4)
    - React-perflogger (= 0.67.4)
    - Yoga
  - React-Core/RCTSettingsHeaders (0.67.4):
    - glog
    - RCT-Folly (= 2021.06.28.00-v2)
    - React-Core/Default
    - React-cxxreact (= 0.67.4)
    - React-jsi (= 0.67.4)
    - React-jsiexecutor (= 0.67.4)
    - React-perflogger (= 0.67.4)
    - Yoga
  - React-Core/RCTTextHeaders (0.67.4):
    - glog
    - RCT-Folly (= 2021.06.28.00-v2)
    - React-Core/Default
    - React-cxxreact (= 0.67.4)
    - React-jsi (= 0.67.4)
    - React-jsiexecutor (= 0.67.4)
    - React-perflogger (= 0.67.4)
    - Yoga
  - React-Core/RCTVibrationHeaders (0.67.4):
    - glog
    - RCT-Folly (= 2021.06.28.00-v2)
    - React-Core/Default
    - React-cxxreact (= 0.67.4)
    - React-jsi (= 0.67.4)
    - React-jsiexecutor (= 0.67.4)
    - React-perflogger (= 0.67.4)
    - Yoga
  - React-Core/RCTWebSocket (0.67.4):
    - glog
    - RCT-Folly (= 2021.06.28.00-v2)
    - React-Core/Default (= 0.67.4)
    - React-cxxreact (= 0.67.4)
    - React-jsi (= 0.67.4)
    - React-jsiexecutor (= 0.67.4)
    - React-perflogger (= 0.67.4)
    - Yoga
  - React-CoreModules (0.67.4):
    - FBReactNativeSpec (= 0.67.4)
    - RCT-Folly (= 2021.06.28.00-v2)
    - RCTTypeSafety (= 0.67.4)
    - React-Core/CoreModulesHeaders (= 0.67.4)
    - React-jsi (= 0.67.4)
    - React-RCTImage (= 0.67.4)
    - ReactCommon/turbomodule/core (= 0.67.4)
  - React-cxxreact (0.67.4):
    - boost (= 1.76.0)
    - DoubleConversion
    - glog
    - RCT-Folly (= 2021.06.28.00-v2)
    - React-callinvoker (= 0.67.4)
    - React-jsi (= 0.67.4)
    - React-jsinspector (= 0.67.4)
    - React-logger (= 0.67.4)
    - React-perflogger (= 0.67.4)
    - React-runtimeexecutor (= 0.67.4)
  - React-hermes (0.67.4):
    - DoubleConversion
    - glog
    - hermes-engine
    - RCT-Folly (= 2021.06.28.00-v2)
    - RCT-Folly/Futures (= 2021.06.28.00-v2)
    - React-cxxreact (= 0.67.4)
    - React-jsi (= 0.67.4)
    - React-jsiexecutor (= 0.67.4)
    - React-jsinspector (= 0.67.4)
    - React-perflogger (= 0.67.4)
  - React-jsi (0.67.4):
    - boost (= 1.76.0)
    - DoubleConversion
    - glog
    - RCT-Folly (= 2021.06.28.00-v2)
    - React-jsi/Default (= 0.67.4)
  - React-jsi/Default (0.67.4):
    - boost (= 1.76.0)
    - DoubleConversion
    - glog
    - RCT-Folly (= 2021.06.28.00-v2)
  - React-jsiexecutor (0.67.4):
    - DoubleConversion
    - glog
    - RCT-Folly (= 2021.06.28.00-v2)
    - React-cxxreact (= 0.67.4)
    - React-jsi (= 0.67.4)
    - React-perflogger (= 0.67.4)
  - React-jsinspector (0.67.4)
  - React-logger (0.67.4):
    - glog
  - react-native-camera (4.2.1):
    - React-Core
    - react-native-camera/RCT (= 4.2.1)
    - react-native-camera/RN (= 4.2.1)
  - react-native-camera/RCT (4.2.1):
    - React-Core
  - react-native-camera/RN (4.2.1):
    - React-Core
  - react-native-geolocation (3.0.1):
    - React-Core
  - react-native-image-picker (4.10.0):
    - React-Core
  - react-native-netinfo (9.3.4):
    - React-Core
  - react-native-nodemediaclient (0.2.17):
    - NodeMediaClient (= 2.9.6)
    - React
    - react-native-nodemediaclient/RCTNodeMediaClient (= 0.2.17)
  - react-native-nodemediaclient/RCTNodeMediaClient (0.2.17):
    - NodeMediaClient (= 2.9.6)
    - React
  - react-native-safe-area-context (4.4.1):
    - RCT-Folly
    - RCTRequired
    - RCTTypeSafety
    - React-Core
    - ReactCommon/turbomodule/core
  - react-native-video (5.2.1):
    - React-Core
    - react-native-video/Video (= 5.2.1)
  - react-native-video/Video (5.2.1):
    - React-Core
  - react-native-viewpager (5.0.11):
    - React-Core
  - react-native-webview (11.23.1):
    - React-Core
  - React-perflogger (0.67.4)
  - React-RCTActionSheet (0.67.4):
    - React-Core/RCTActionSheetHeaders (= 0.67.4)
  - React-RCTAnimation (0.67.4):
    - FBReactNativeSpec (= 0.67.4)
    - RCT-Folly (= 2021.06.28.00-v2)
    - RCTTypeSafety (= 0.67.4)
    - React-Core/RCTAnimationHeaders (= 0.67.4)
    - React-jsi (= 0.67.4)
    - ReactCommon/turbomodule/core (= 0.67.4)
  - React-RCTBlob (0.67.4):
    - FBReactNativeSpec (= 0.67.4)
    - RCT-Folly (= 2021.06.28.00-v2)
    - React-Core/RCTBlobHeaders (= 0.67.4)
    - React-Core/RCTWebSocket (= 0.67.4)
    - React-jsi (= 0.67.4)
    - React-RCTNetwork (= 0.67.4)
    - ReactCommon/turbomodule/core (= 0.67.4)
  - React-RCTImage (0.67.4):
    - FBReactNativeSpec (= 0.67.4)
    - RCT-Folly (= 2021.06.28.00-v2)
    - RCTTypeSafety (= 0.67.4)
    - React-Core/RCTImageHeaders (= 0.67.4)
    - React-jsi (= 0.67.4)
    - React-RCTNetwork (= 0.67.4)
    - ReactCommon/turbomodule/core (= 0.67.4)
  - React-RCTLinking (0.67.4):
    - FBReactNativeSpec (= 0.67.4)
    - React-Core/RCTLinkingHeaders (= 0.67.4)
    - React-jsi (= 0.67.4)
    - ReactCommon/turbomodule/core (= 0.67.4)
  - React-RCTNetwork (0.67.4):
    - FBReactNativeSpec (= 0.67.4)
    - RCT-Folly (= 2021.06.28.00-v2)
    - RCTTypeSafety (= 0.67.4)
    - React-Core/RCTNetworkHeaders (= 0.67.4)
    - React-jsi (= 0.67.4)
    - ReactCommon/turbomodule/core (= 0.67.4)
  - React-RCTSettings (0.67.4):
    - FBReactNativeSpec (= 0.67.4)
    - RCT-Folly (= 2021.06.28.00-v2)
    - RCTTypeSafety (= 0.67.4)
    - React-Core/RCTSettingsHeaders (= 0.67.4)
    - React-jsi (= 0.67.4)
    - ReactCommon/turbomodule/core (= 0.67.4)
  - React-RCTText (0.67.4):
    - React-Core/RCTTextHeaders (= 0.67.4)
  - React-RCTVibration (0.67.4):
    - FBReactNativeSpec (= 0.67.4)
    - RCT-Folly (= 2021.06.28.00-v2)
    - React-Core/RCTVibrationHeaders (= 0.67.4)
    - React-jsi (= 0.67.4)
    - ReactCommon/turbomodule/core (= 0.67.4)
  - React-runtimeexecutor (0.67.4):
    - React-jsi (= 0.67.4)
  - ReactCommon/turbomodule/core (0.67.4):
    - DoubleConversion
    - glog
    - RCT-Folly (= 2021.06.28.00-v2)
    - React-callinvoker (= 0.67.4)
    - React-Core (= 0.67.4)
    - React-cxxreact (= 0.67.4)
    - React-jsi (= 0.67.4)
    - React-logger (= 0.67.4)
    - React-perflogger (= 0.67.4)
  - ReactTestApp-DevSupport (1.6.10):
    - React-Core
    - React-jsi
  - rn-fetch-blob (0.12.0):
    - React-Core
  - RNAmap (1.4.5):
    - AMap3DMap (~> 7.9.0)
    - React
  - RNCAsyncStorage (1.17.10):
    - React-Core
  - RNCClipboard (1.11.1):
    - React-Core
  - RNCMaskedView (0.1.11):
    - React
  - RNCPicker (2.4.6):
    - React-Core
  - RNDateTimePicker (6.5.0):
    - React-Core
  - RNFastImage (8.6.1):
    - React-Core
    - SDWebImage (~> 5.11.1)
    - SDWebImageWebPCoder (~> 0.8.4)
  - RNGestureHandler (2.7.0):
    - React-Core
  - RNImageCropPicker (0.38.0):
    - React-Core
    - React-RCTImage
    - RNImageCropPicker/QBImagePickerController (= 0.38.0)
    - TOCropViewController
  - RNImageCropPicker/QBImagePickerController (0.38.0):
    - React-Core
    - React-RCTImage
    - TOCropViewController
  - RNPermissions (3.6.1):
    - React-Core
  - RNScreens (3.18.0):
    - React-Core
    - React-RCTImage
  - RNSound (0.11.2):
    - React-Core
    - RNSound/Core (= 0.11.2)
  - RNSound/Core (0.11.2):
    - React-Core
  - RNVectorIcons (9.2.0):
    - React-Core
  - SDWebImage (5.11.1):
    - SDWebImage/Core (= 5.11.1)
  - SDWebImage/Core (5.11.1)
  - SDWebImageWebPCoder (0.8.5):
    - libwebp (~> 1.0)
    - SDWebImage/Core (~> 5.10)
  - SSZipArchive (2.2.3)
  - TOCropViewController (2.6.1)
  - Yoga (1.14.0)
  - YogaKit (1.18.1):
    - Yoga (~> 1.14)

DEPENDENCIES:
  - boost (from `../node_modules/react-native/third-party-podspecs/boost.podspec`)
  - BVLinearGradient (from `../node_modules/react-native-linear-gradient`)
  - CodePush (from `../node_modules/react-native-code-push`)
  - DoubleConversion (from `../node_modules/react-native/third-party-podspecs/DoubleConversion.podspec`)
  - FBLazyVector (from `../node_modules/react-native/Libraries/FBLazyVector`)
  - FBReactNativeSpec (from `../node_modules/react-native/React/FBReactNativeSpec`)
  - Flipper (= 0.99.0)
  - Flipper-Boost-iOSX (= 1.76.0.1.11)
  - Flipper-DoubleConversion (= 3.1.7)
  - Flipper-Fmt (= 7.1.7)
  - Flipper-Folly (= 2.6.7)
  - Flipper-Glog (= 0.3.6)
  - Flipper-PeerTalk (= 0.0.4)
  - Flipper-RSocket (= 1.4.3)
  - FlipperKit (= 0.99.0)
  - FlipperKit/Core (= 0.99.0)
  - FlipperKit/CppBridge (= 0.99.0)
  - FlipperKit/FBCxxFollyDynamicConvert (= 0.99.0)
  - FlipperKit/FBDefines (= 0.99.0)
  - FlipperKit/FKPortForwarding (= 0.99.0)
  - FlipperKit/FlipperKitHighlightOverlay (= 0.99.0)
  - FlipperKit/FlipperKitLayoutPlugin (= 0.99.0)
  - FlipperKit/FlipperKitLayoutTextSearchable (= 0.99.0)
  - FlipperKit/FlipperKitNetworkPlugin (= 0.99.0)
  - FlipperKit/FlipperKitReactPlugin (= 0.99.0)
  - FlipperKit/FlipperKitUserDefaultsPlugin (= 0.99.0)
  - FlipperKit/SKIOSNetworkPlugin (= 0.99.0)
  - glog (from `../node_modules/react-native/third-party-podspecs/glog.podspec`)
  - hermes-engine (~> 0.9.0)
  - JCore (from `../node_modules/jcore-react-native`)
  - JPush (from `../node_modules/jpush-react-native`)
  - libevent (~> 2.1.12)
  - OpenSSL-Universal (= 1.1.180)
  - Permission-AppTrackingTransparency (from `../node_modules/react-native-permissions/ios/AppTrackingTransparency`)
  - Permission-BluetoothPeripheral (from `../node_modules/react-native-permissions/ios/BluetoothPeripheral`)
  - Permission-Calendars (from `../node_modules/react-native-permissions/ios/Calendars`)
  - Permission-Camera (from `../node_modules/react-native-permissions/ios/Camera`)
  - Permission-Contacts (from `../node_modules/react-native-permissions/ios/Contacts`)
  - Permission-FaceID (from `../node_modules/react-native-permissions/ios/FaceID`)
  - Permission-LocationAccuracy (from `../node_modules/react-native-permissions/ios/LocationAccuracy`)
  - Permission-LocationAlways (from `../node_modules/react-native-permissions/ios/LocationAlways`)
  - Permission-LocationWhenInUse (from `../node_modules/react-native-permissions/ios/LocationWhenInUse`)
  - Permission-MediaLibrary (from `../node_modules/react-native-permissions/ios/MediaLibrary`)
  - Permission-Microphone (from `../node_modules/react-native-permissions/ios/Microphone`)
  - Permission-Motion (from `../node_modules/react-native-permissions/ios/Motion`)
  - Permission-Notifications (from `../node_modules/react-native-permissions/ios/Notifications`)
  - Permission-PhotoLibrary (from `../node_modules/react-native-permissions/ios/PhotoLibrary`)
  - Permission-PhotoLibraryAddOnly (from `../node_modules/react-native-permissions/ios/PhotoLibraryAddOnly`)
  - Permission-Reminders (from `../node_modules/react-native-permissions/ios/Reminders`)
  - Permission-Siri (from `../node_modules/react-native-permissions/ios/Siri`)
  - Permission-SpeechRecognition (from `../node_modules/react-native-permissions/ios/SpeechRecognition`)
  - Permission-StoreKit (from `../node_modules/react-native-permissions/ios/StoreKit`)
  - Picker (from `../node_modules/react-native-picker`)
  - RCT-Folly (from `../node_modules/react-native/third-party-podspecs/RCT-Folly.podspec`)
  - RCTAlipay (from `../node_modules/react-native-gzdsx-alipay`)
  - RCTRequired (from `../node_modules/react-native/Libraries/RCTRequired`)
  - RCTTypeSafety (from `../node_modules/react-native/Libraries/TypeSafety`)
  - RCTWeChat (from `../node_modules/react-native-wechat-lib`)
  - React (from `../node_modules/react-native/`)
  - React-callinvoker (from `../node_modules/react-native/ReactCommon/callinvoker`)
  - React-Core (from `../node_modules/react-native/`)
  - React-Core/DevSupport (from `../node_modules/react-native/`)
  - React-Core/RCTWebSocket (from `../node_modules/react-native/`)
  - React-CoreModules (from `../node_modules/react-native/React/CoreModules`)
  - React-cxxreact (from `../node_modules/react-native/ReactCommon/cxxreact`)
  - React-hermes (from `../node_modules/react-native/ReactCommon/hermes`)
  - React-jsi (from `../node_modules/react-native/ReactCommon/jsi`)
  - React-jsiexecutor (from `../node_modules/react-native/ReactCommon/jsiexecutor`)
  - React-jsinspector (from `../node_modules/react-native/ReactCommon/jsinspector`)
  - React-logger (from `../node_modules/react-native/ReactCommon/logger`)
  - react-native-camera (from `../node_modules/react-native-camera`)
  - "react-native-geolocation (from `../node_modules/@react-native-community/geolocation`)"
  - react-native-image-picker (from `../node_modules/react-native-image-picker`)
  - "react-native-netinfo (from `../node_modules/@react-native-community/netinfo`)"
  - react-native-nodemediaclient (from `../node_modules/react-native-nodemediaclient`)
  - react-native-safe-area-context (from `../node_modules/react-native-safe-area-context`)
  - react-native-video (from `../node_modules/react-native-video`)
  - "react-native-viewpager (from `../node_modules/@react-native-community/viewpager`)"
  - react-native-webview (from `../node_modules/react-native-webview`)
  - React-perflogger (from `../node_modules/react-native/ReactCommon/reactperflogger`)
  - React-RCTActionSheet (from `../node_modules/react-native/Libraries/ActionSheetIOS`)
  - React-RCTAnimation (from `../node_modules/react-native/Libraries/NativeAnimation`)
  - React-RCTBlob (from `../node_modules/react-native/Libraries/Blob`)
  - React-RCTImage (from `../node_modules/react-native/Libraries/Image`)
  - React-RCTLinking (from `../node_modules/react-native/Libraries/LinkingIOS`)
  - React-RCTNetwork (from `../node_modules/react-native/Libraries/Network`)
  - React-RCTSettings (from `../node_modules/react-native/Libraries/Settings`)
  - React-RCTText (from `../node_modules/react-native/Libraries/Text`)
  - React-RCTVibration (from `../node_modules/react-native/Libraries/Vibration`)
  - React-runtimeexecutor (from `../node_modules/react-native/ReactCommon/runtimeexecutor`)
  - ReactCommon/turbomodule/core (from `../node_modules/react-native/ReactCommon`)
  - ReactTestApp-DevSupport (from `../node_modules/react-native-test-app`)
  - rn-fetch-blob (from `../node_modules/rn-fetch-blob`)
  - RNAmap (from `../node_modules/react-native-gzdsx-amap/ios`)
  - "RNCAsyncStorage (from `../node_modules/@react-native-async-storage/async-storage`)"
  - "RNCClipboard (from `../node_modules/@react-native-clipboard/clipboard`)"
  - "RNCMaskedView (from `../node_modules/@react-native-community/masked-view`)"
  - "RNCPicker (from `../node_modules/@react-native-picker/picker`)"
  - "RNDateTimePicker (from `../node_modules/@react-native-community/datetimepicker`)"
  - RNFastImage (from `../node_modules/react-native-fast-image`)
  - RNGestureHandler (from `../node_modules/react-native-gesture-handler`)
  - RNImageCropPicker (from `../node_modules/react-native-image-crop-picker`)
  - RNPermissions (from `../node_modules/react-native-permissions`)
  - RNScreens (from `../node_modules/react-native-screens`)
  - RNSound (from `../node_modules/react-native-sound`)
  - RNVectorIcons (from `../node_modules/react-native-vector-icons`)
  - Yoga (from `../node_modules/react-native/ReactCommon/yoga`)

SPEC REPOS:
  trunk:
    - AMap3DMap
    - AMapFoundation
    - Base64
    - CocoaAsyncSocket
    - Flipper
    - Flipper-Boost-iOSX
    - Flipper-DoubleConversion
    - Flipper-Fmt
    - Flipper-Folly
    - Flipper-Glog
    - Flipper-PeerTalk
    - Flipper-RSocket
    - FlipperKit
    - fmt
    - hermes-engine
    - JWT
    - libevent
    - libwebp
    - NodeMediaClient
    - OpenSSL-Universal
    - SDWebImage
    - SDWebImageWebPCoder
    - SSZipArchive
    - TOCropViewController
    - YogaKit

EXTERNAL SOURCES:
  boost:
    :podspec: "../node_modules/react-native/third-party-podspecs/boost.podspec"
  BVLinearGradient:
    :path: "../node_modules/react-native-linear-gradient"
  CodePush:
    :path: "../node_modules/react-native-code-push"
  DoubleConversion:
    :podspec: "../node_modules/react-native/third-party-podspecs/DoubleConversion.podspec"
  FBLazyVector:
    :path: "../node_modules/react-native/Libraries/FBLazyVector"
  FBReactNativeSpec:
    :path: "../node_modules/react-native/React/FBReactNativeSpec"
  glog:
    :podspec: "../node_modules/react-native/third-party-podspecs/glog.podspec"
  JCore:
    :path: "../node_modules/jcore-react-native"
  JPush:
    :path: "../node_modules/jpush-react-native"
  Permission-AppTrackingTransparency:
    :path: "../node_modules/react-native-permissions/ios/AppTrackingTransparency"
  Permission-BluetoothPeripheral:
    :path: "../node_modules/react-native-permissions/ios/BluetoothPeripheral"
  Permission-Calendars:
    :path: "../node_modules/react-native-permissions/ios/Calendars"
  Permission-Camera:
    :path: "../node_modules/react-native-permissions/ios/Camera"
  Permission-Contacts:
    :path: "../node_modules/react-native-permissions/ios/Contacts"
  Permission-FaceID:
    :path: "../node_modules/react-native-permissions/ios/FaceID"
  Permission-LocationAccuracy:
    :path: "../node_modules/react-native-permissions/ios/LocationAccuracy"
  Permission-LocationAlways:
    :path: "../node_modules/react-native-permissions/ios/LocationAlways"
  Permission-LocationWhenInUse:
    :path: "../node_modules/react-native-permissions/ios/LocationWhenInUse"
  Permission-MediaLibrary:
    :path: "../node_modules/react-native-permissions/ios/MediaLibrary"
  Permission-Microphone:
    :path: "../node_modules/react-native-permissions/ios/Microphone"
  Permission-Motion:
    :path: "../node_modules/react-native-permissions/ios/Motion"
  Permission-Notifications:
    :path: "../node_modules/react-native-permissions/ios/Notifications"
  Permission-PhotoLibrary:
    :path: "../node_modules/react-native-permissions/ios/PhotoLibrary"
  Permission-PhotoLibraryAddOnly:
    :path: "../node_modules/react-native-permissions/ios/PhotoLibraryAddOnly"
  Permission-Reminders:
    :path: "../node_modules/react-native-permissions/ios/Reminders"
  Permission-Siri:
    :path: "../node_modules/react-native-permissions/ios/Siri"
  Permission-SpeechRecognition:
    :path: "../node_modules/react-native-permissions/ios/SpeechRecognition"
  Permission-StoreKit:
    :path: "../node_modules/react-native-permissions/ios/StoreKit"
  Picker:
    :path: "../node_modules/react-native-picker"
  RCT-Folly:
    :podspec: "../node_modules/react-native/third-party-podspecs/RCT-Folly.podspec"
  RCTAlipay:
    :path: "../node_modules/react-native-gzdsx-alipay"
  RCTRequired:
    :path: "../node_modules/react-native/Libraries/RCTRequired"
  RCTTypeSafety:
    :path: "../node_modules/react-native/Libraries/TypeSafety"
  RCTWeChat:
    :path: "../node_modules/react-native-wechat-lib"
  React:
    :path: "../node_modules/react-native/"
  React-callinvoker:
    :path: "../node_modules/react-native/ReactCommon/callinvoker"
  React-Core:
    :path: "../node_modules/react-native/"
  React-CoreModules:
    :path: "../node_modules/react-native/React/CoreModules"
  React-cxxreact:
    :path: "../node_modules/react-native/ReactCommon/cxxreact"
  React-hermes:
    :path: "../node_modules/react-native/ReactCommon/hermes"
  React-jsi:
    :path: "../node_modules/react-native/ReactCommon/jsi"
  React-jsiexecutor:
    :path: "../node_modules/react-native/ReactCommon/jsiexecutor"
  React-jsinspector:
    :path: "../node_modules/react-native/ReactCommon/jsinspector"
  React-logger:
    :path: "../node_modules/react-native/ReactCommon/logger"
  react-native-camera:
    :path: "../node_modules/react-native-camera"
  react-native-geolocation:
    :path: "../node_modules/@react-native-community/geolocation"
  react-native-image-picker:
    :path: "../node_modules/react-native-image-picker"
  react-native-netinfo:
    :path: "../node_modules/@react-native-community/netinfo"
  react-native-nodemediaclient:
    :path: "../node_modules/react-native-nodemediaclient"
  react-native-safe-area-context:
    :path: "../node_modules/react-native-safe-area-context"
  react-native-video:
    :path: "../node_modules/react-native-video"
  react-native-viewpager:
    :path: "../node_modules/@react-native-community/viewpager"
  react-native-webview:
    :path: "../node_modules/react-native-webview"
  React-perflogger:
    :path: "../node_modules/react-native/ReactCommon/reactperflogger"
  React-RCTActionSheet:
    :path: "../node_modules/react-native/Libraries/ActionSheetIOS"
  React-RCTAnimation:
    :path: "../node_modules/react-native/Libraries/NativeAnimation"
  React-RCTBlob:
    :path: "../node_modules/react-native/Libraries/Blob"
  React-RCTImage:
    :path: "../node_modules/react-native/Libraries/Image"
  React-RCTLinking:
    :path: "../node_modules/react-native/Libraries/LinkingIOS"
  React-RCTNetwork:
    :path: "../node_modules/react-native/Libraries/Network"
  React-RCTSettings:
    :path: "../node_modules/react-native/Libraries/Settings"
  React-RCTText:
    :path: "../node_modules/react-native/Libraries/Text"
  React-RCTVibration:
    :path: "../node_modules/react-native/Libraries/Vibration"
  React-runtimeexecutor:
    :path: "../node_modules/react-native/ReactCommon/runtimeexecutor"
  ReactCommon:
    :path: "../node_modules/react-native/ReactCommon"
  ReactTestApp-DevSupport:
    :path: "../node_modules/react-native-test-app"
  rn-fetch-blob:
    :path: "../node_modules/rn-fetch-blob"
  RNAmap:
    :path: "../node_modules/react-native-gzdsx-amap/ios"
  RNCAsyncStorage:
    :path: "../node_modules/@react-native-async-storage/async-storage"
  RNCClipboard:
    :path: "../node_modules/@react-native-clipboard/clipboard"
  RNCMaskedView:
    :path: "../node_modules/@react-native-community/masked-view"
  RNCPicker:
    :path: "../node_modules/@react-native-picker/picker"
  RNDateTimePicker:
    :path: "../node_modules/@react-native-community/datetimepicker"
  RNFastImage:
    :path: "../node_modules/react-native-fast-image"
  RNGestureHandler:
    :path: "../node_modules/react-native-gesture-handler"
  RNImageCropPicker:
    :path: "../node_modules/react-native-image-crop-picker"
  RNPermissions:
    :path: "../node_modules/react-native-permissions"
  RNScreens:
    :path: "../node_modules/react-native-screens"
  RNSound:
    :path: "../node_modules/react-native-sound"
  RNVectorIcons:
    :path: "../node_modules/react-native-vector-icons"
  Yoga:
    :path: "../node_modules/react-native/ReactCommon/yoga"

SPEC CHECKSUMS:
  AMap3DMap: 4ff760f011b89aec85edd8b5fcf90d384aae1202
  AMapFoundation: 8d8ecbb0b2e9ce5487995360d26c885d94642bfd
  Base64: cecfb41a004124895a7bcee567a89bae5a89d49b
  boost: a7c83b31436843459a1961bfd74b96033dc77234
  BVLinearGradient: 34a999fda29036898a09c6a6b728b0b4189e1a44
  CocoaAsyncSocket: 065fd1e645c7abab64f7a6a2007a48038fdc6a99
  CodePush: ef496b6fd053012e985e3d4a0ab9f9dbf2739eac
  DoubleConversion: 831926d9b8bf8166fd87886c4abab286c2422662
  FBLazyVector: f7b0632c6437e312acf6349288d9aa4cb6d59030
  FBReactNativeSpec: 0f4e1f4cfeace095694436e7c7fcc5bf4b03a0ff
  Flipper: 30e8eeeed6abdc98edaf32af0cda2f198be4b733
  Flipper-Boost-iOSX: fd1e2b8cbef7e662a122412d7ac5f5bea715403c
  Flipper-DoubleConversion: 57ffbe81ef95306cc9e69c4aa3aeeeeb58a6a28c
  Flipper-Fmt: 60cbdd92fc254826e61d669a5d87ef7015396a9b
  Flipper-Folly: 83af37379faa69497529e414bd43fbfc7cae259a
  Flipper-Glog: 1dfd6abf1e922806c52ceb8701a3599a79a200a6
  Flipper-PeerTalk: 116d8f857dc6ef55c7a5a75ea3ceaafe878aadc9
  Flipper-RSocket: d9d9ade67cbecf6ac10730304bf5607266dd2541
  FlipperKit: d8d346844eca5d9120c17d441a2f38596e8ed2b9
  fmt: ff9d55029c625d3757ed641535fd4a75fedc7ce9
  glog: 85ecdd10ee8d8ec362ef519a6a45ff9aa27b2e85
  hermes-engine: bf7577d12ac6ccf53ab8b5af3c6ccf0dd8458c5c
  JCore: 3e4a2b74c87270a03c4ca5b1b08aa2c3975b668d
  JPush: 01969ebc548349eea883a6332460a4bb15bae4c4
  JWT: ef71dfb03e1f842081e64dc42eef0e164f35d251
  libevent: 4049cae6c81cdb3654a443be001fb9bdceff7913
  libwebp: 60305b2e989864154bd9be3d772730f08fc6a59c
  NodeMediaClient: 0f15a8f84c84ec1023ab4a8b3c5c0dff9a7f62d1
  OpenSSL-Universal: 1aa4f6a6ee7256b83db99ec1ccdaa80d10f9af9b
  Permission-AppTrackingTransparency: 9eedbc3b5a2907b8cb2c971461754616eac1661d
  Permission-BluetoothPeripheral: 67708853584bb9208c76d36d0e0ea4eafb97ea5b
  Permission-Calendars: dd55f36958c398a487f141d4c89119907e34dca8
  Permission-Camera: bf6791b17c7f614b6826019fcfdcc286d3a107f6
  Permission-Contacts: 2484d274171688b1ca80978b949ac771259b51f0
  Permission-FaceID: e70223280292a1a5e4b8ad943b70cd9229a7d2c3
  Permission-LocationAccuracy: 76df17de5c6b8bc2eee34e61ee92cdd7a864c73d
  Permission-LocationAlways: 8d99b025c9f73c696e0cdb367e42525f2e9a26f2
  Permission-LocationWhenInUse: 3ba99e45c852763f730eabecec2870c2382b7bd4
  Permission-MediaLibrary: a994236bae41b3597a376ff08298fb1c6d84729b
  Permission-Microphone: 48212dd4d28025d9930d583e3c7a56da7268665c
  Permission-Motion: d3e5ac6c989b2594a3c5c5ab19ffe9453fa3eb5c
  Permission-Notifications: 150484ae586eb9be4e32217582a78350a9bb31c3
  Permission-PhotoLibrary: 5b34ca67279f7201ae109cef36f9806a6596002d
  Permission-PhotoLibraryAddOnly: 6dba8924024e239af2e282daa8a88967679b4983
  Permission-Reminders: dd6692dab69ae8a4e2473860e25b6304f9bcd326
  Permission-Siri: 9853b319177b9f2460bd3e0bdd26bdebe6238def
  Permission-SpeechRecognition: 7bda51c7a3b68f259a98436ed431afdf84a19ecf
  Permission-StoreKit: 7dcf43ad1b8cdc7ae21e547d49df9ac9b6ea7270
  Picker: 37554355aef82a532ea95b71b6eeba66bc86182b
  RCT-Folly: 803a9cfd78114b2ec0f140cfa6fa2a6bafb2d685
  RCTAlipay: 3d8f20178d46a9d1de7ad03eab0c9c432f47a6f4
  RCTRequired: 0aa6c1c27e1d65920df35ceea5341a5fe76bdb79
  RCTTypeSafety: d76a59d00632891e11ed7522dba3fd1a995e573a
  RCTWeChat: 289c92186c1f55716a6378af55388292d94b2d9e
  React: ab8c09da2e7704f4b3ebad4baa6cfdfcc852dcb5
  React-callinvoker: 216fb96b482da516b8aba4142b145938f6ea92f0
  React-Core: af99b93aff83599485e0e0879879aafa35ceae32
  React-CoreModules: 137a054ce8c547e81dc3502933b1bc0fd08df05d
  React-cxxreact: ec5ee6b08664f5b8ac71d8ad912f54d540c4f817
  React-hermes: 644e034cf9eb99c2f867c325c589c85b5c918ef7
  React-jsi: 3e084c80fd364cee64668d5df46d40c39f7973e1
  React-jsiexecutor: cbdf37cebdc4f5d8b3d0bf5ccaa6147fd9de9f3d
  React-jsinspector: f4775ea9118cbe1f72b834f0f842baa7a99508d8
  React-logger: a1f028f6d8639a3f364ef80419e5e862e1115250
  react-native-camera: 3eae183c1d111103963f3dd913b65d01aef8110f
  react-native-geolocation: b80a44fb11e18eff64a68984092aacf3528580c3
  react-native-image-picker: 4bc9ed38c8be255b515d8c88babbaf74973f91a8
  react-native-netinfo: 6ac9bcc7c88dc51717bda3484eb99093acb755e0
  react-native-nodemediaclient: 5e2564acad7b0899a93888bebc507c00575d3020
  react-native-safe-area-context: 99b24a0c5acd0d5dcac2b1a7f18c49ea317be99a
  react-native-video: c26780b224543c62d5e1b2a7244a5cd1b50e8253
  react-native-viewpager: b99b53127d830885917ef84809c5065edd614a78
  react-native-webview: d33e2db8925d090871ffeb232dfa50cb3a727581
  React-perflogger: 0afaf2f01a47fd0fc368a93bfbb5bd3b26db6e7f
  React-RCTActionSheet: 59f35c4029e0b532fc42114241a06e170b7431a2
  React-RCTAnimation: aae4f4bed122e78bdab72f7118d291d70a932ce2
  React-RCTBlob: f6fb23394b4f28cd86fa7e9f5f6ae45c23669fda
  React-RCTImage: 638815cf96124386dd296067246d91441932ae3f
  React-RCTLinking: 254dd06283dd6fdb784285f95e7cec8053c3270f
  React-RCTNetwork: 8a4c2d4f357268e520b060572d02bc69a9b991fb
  React-RCTSettings: 35d44cbb9972ab933bd0a59ea3e6646dcb030ba3
  React-RCTText: cc5315df8458cfa7b537e621271ef43273955a97
  React-RCTVibration: 3b52a7dced19cdb025b4f88ab26ceb2d85f30ba2
  React-runtimeexecutor: a9d3c82ddf7ffdad9fbe6a81c6d6f8c06385464d
  ReactCommon: 07d0c460b9ba9af3eaf1b8f5abe7daaad28c9c4e
  ReactTestApp-DevSupport: 45d2f22ba4d6987b7f80d8c5850dac8f2e553722
  rn-fetch-blob: f065bb7ab7fb48dd002629f8bdcb0336602d3cba
  RNAmap: 4db1104b1d0d22d710f1df008a5ea6c54dccad86
  RNCAsyncStorage: 0c357f3156fcb16c8589ede67cc036330b6698ca
  RNCClipboard: 2834e1c4af68697089cdd455ee4a4cdd198fa7dd
  RNCMaskedView: 0e1bc4bfa8365eba5fbbb71e07fbdc0555249489
  RNCPicker: 2f71e09c52ab6327e2c393213368ea0e5bfbcb65
  RNDateTimePicker: 154f8246e9c32fd663995647a7f9f667a8c6b258
  RNFastImage: 3207b9eb17c2425d574ca40db35185db6e324f4e
  RNGestureHandler: 7673697e7c0e9391adefae4faa087442bc04af33
  RNImageCropPicker: ffbba608264885c241cbf3a8f78eb7aeeb978241
  RNPermissions: dcdb7b99796bbeda6975a6e79ad519c41b251b1c
  RNScreens: f3230dd008a7d0ce5c0a8bc78ff12cf2315bda24
  RNSound: 6c156f925295bdc83e8e422e7d8b38d33bc71852
  RNVectorIcons: fcc2f6cb32f5735b586e66d14103a74ce6ad61f8
  SDWebImage: a7f831e1a65eb5e285e3fb046a23fcfbf08e696d
  SDWebImageWebPCoder: 908b83b6adda48effe7667cd2b7f78c897e5111d
  SSZipArchive: 62d4947b08730e4cda640473b0066d209ff033c9
  TOCropViewController: edfd4f25713d56905ad1e0b9f5be3fbe0f59c863
  Yoga: d6b6a80659aa3e91aaba01d0012e7edcbedcbecd
  YogaKit: f782866e155069a2cca2517aafea43200b01fd5a

PODFILE CHECKSUM: 9dc625f8ee2e4d8edd5ba3d608bd54c83977a0fb

COCOAPODS: 1.11.3
